
Microsoft Visual Studio Solution File, Format Version 12.00
# Visual Studio 14
VisualStudioVersion = 14.0.22512.0
MinimumVisualStudioVersion = 14.0.22512.0
Project("{FAE04EC0-301F-11D3-BF4B-00C04F79EFBC}") = "PoshGit2", "PoshGit2\PoshGit2.csproj", "{0F900A09-BE4A-461E-9E69-53B109A6D5AB}"
EndProject
Project("{FAE04EC0-301F-11D3-BF4B-00C04F79EFBC}") = "PoshGit.Tests", "PoshGit.Tests\PoshGit.Tests.csproj", "{72CC9DCC-8AE9-45DE-8D82-8045CFB8B606}"
EndProject
Project("{2150E333-8FDC-42A3-9474-1A3956D46DE8}") = ".nuget", ".nuget", "{BCE4A09B-B20C-41FA-A797-A03538008B2C}"
	ProjectSection(SolutionItems) = preProject
		.nuget\nuget.exe = .nuget\nuget.exe
		.nuget\packages.config = .nuget\packages.config
	EndProjectSection
EndProject
Global
	GlobalSection(SolutionConfigurationPlatforms) = preSolution
		Debug|Any CPU = Debug|Any CPU
		Release|Any CPU = Release|Any CPU
	EndGlobalSection
	GlobalSection(ProjectConfigurationPlatforms) = postSolution
		{0F900A09-BE4A-461E-9E69-53B109A6D5AB}.Debug|Any CPU.ActiveCfg = Debug|Any CPU
		{0F900A09-BE4A-461E-9E69-53B109A6D5AB}.Debug|Any CPU.Build.0 = Debug|Any CPU
		{0F900A09-BE4A-461E-9E69-53B109A6D5AB}.Release|Any CPU.ActiveCfg = Release|Any CPU
		{0F900A09-BE4A-461E-9E69-53B109A6D5AB}.Release|Any CPU.Build.0 = Release|Any CPU
		{72CC9DCC-8AE9-45DE-8D82-8045CFB8B606}.Debug|Any CPU.ActiveCfg = Debug|Any CPU
		{72CC9DCC-8AE9-45DE-8D82-8045CFB8B606}.Debug|Any CPU.Build.0 = Debug|Any CPU
		{72CC9DCC-8AE9-45DE-8D82-8045CFB8B606}.Release|Any CPU.ActiveCfg = Release|Any CPU
		{72CC9DCC-8AE9-45DE-8D82-8045CFB8B606}.Release|Any CPU.Build.0 = Release|Any CPU
	EndGlobalSection
	GlobalSection(SolutionProperties) = preSolution
		HideSolutionNode = FALSE
	EndGlobalSection
EndGlobal
